
Microsoft Visual Studio Solution File, Format Version 12.00
# Visual Studio Version 16
VisualStudioVersion = 16.0.32510.428
MinimumVisualStudioVersion = 10.0.40219.1
Project("{FAE04EC0-301F-11D3-BF4B-00C04F79EFBC}") = "SelfFileType", "SelfFileType.csproj", "{76F7C101-3D0E-4E52-BFBA-E266714ED6DE}"
EndProject
Project("{FAE04EC0-301F-11D3-BF4B-00C04F79EFBC}") = "SelfFileTypeTests", "..\SelfFileTypeTests\SelfFileTypeTests.csproj", "{0BA4997C-076F-4554-94FC-E7866C98C264}"
EndProject
Global
	GlobalSection(SolutionConfigurationPlatforms) = preSolution
		Debug|Any CPU = Debug|Any CPU
		Release|Any CPU = Release|Any CPU
	EndGlobalSection
	GlobalSection(ProjectConfigurationPlatforms) = postSolution
		{76F7C101-3D0E-4E52-BFBA-E266714ED6DE}.Debug|Any CPU.ActiveCfg = Debug|Any CPU
		{76F7C101-3D0E-4E52-BFBA-E266714ED6DE}.Debug|Any CPU.Build.0 = Debug|Any CPU
		{76F7C101-3D0E-4E52-BFBA-E266714ED6DE}.Release|Any CPU.ActiveCfg = Release|Any CPU
		{76F7C101-3D0E-4E52-BFBA-E266714ED6DE}.Release|Any CPU.Build.0 = Release|Any CPU
		{0BA4997C-076F-4554-94FC-E7866C98C264}.Debug|Any CPU.ActiveCfg = Debug|Any CPU
		{0BA4997C-076F-4554-94FC-E7866C98C264}.Debug|Any CPU.Build.0 = Debug|Any CPU
		{0BA4997C-076F-4554-94FC-E7866C98C264}.Release|Any CPU.ActiveCfg = Release|Any CPU
		{0BA4997C-076F-4554-94FC-E7866C98C264}.Release|Any CPU.Build.0 = Release|Any CPU
	EndGlobalSection
	GlobalSection(SolutionProperties) = preSolution
		HideSolutionNode = FALSE
	EndGlobalSection
	GlobalSection(ExtensibilityGlobals) = postSolution
		SolutionGuid = {4BC03124-66D5-407B-A59F-D4546B2B8951}
	EndGlobalSection
EndGlobal
